// !$*UTF8*$!
{
	archiveVersion = 1;
	classes = {
	};
	objectVersion = 46;
	objects = {

/* Begin PBXBuildFile section */
		E64038661CBFCBAD00F6C49A /* AppDelegate.swift in Sources */ = {isa = PBXBuildFile; fileRef = E64038651CBFCBAD00F6C49A /* AppDelegate.swift */; };
		E64038681CBFCBAD00F6C49A /* ViewController.swift in Sources */ = {isa = PBXBuildFile; fileRef = E64038671CBFCBAD00F6C49A /* ViewController.swift */; };
		E640386B1CBFCBAD00F6C49A /* Main.storyboard in Resources */ = {isa = PBXBuildFile; fileRef = E64038691CBFCBAD00F6C49A /* Main.storyboard */; };
		E640386D1CBFCBAD00F6C49A /* Assets.xcassets in Resources */ = {isa = PBXBuildFile; fileRef = E640386C1CBFCBAD00F6C49A /* Assets.xcassets */; };
		E64038701CBFCBAD00F6C49A /* LaunchScreen.storyboard in Resources */ = {isa = PBXBuildFile; fileRef = E640386E1CBFCBAD00F6C49A /* LaunchScreen.storyboard */; };
		E640387B1CBFCBAD00F6C49A /* PinchGestureTests.swift in Sources */ = {isa = PBXBuildFile; fileRef = E640387A1CBFCBAD00F6C49A /* PinchGestureTests.swift */; };
		E64038861CBFCBAD00F6C49A /* PinchGestureUITests.swift in Sources */ = {isa = PBXBuildFile; fileRef = E64038851CBFCBAD00F6C49A /* PinchGestureUITests.swift */; };
/* End PBXBuildFile section */

/* Begin PBXContainerItemProxy section */
		E64038771CBFCBAD00F6C49A /* PBXContainerItemProxy */ = {
			isa = PBXContainerItemProxy;
			containerPortal = E640385A1CBFCBAD00F6C49A /* Project object */;
			proxyType = 1;
			remoteGlobalIDString = E64038611CBFCBAD00F6C49A;
			remoteInfo = PinchGesture;
		};
		E64038821CBFCBAD00F6C49A /* PBXContainerItemProxy */ = {
			isa = PBXContainerItemProxy;
			containerPortal = E640385A1CBFCBAD00F6C49A /* Project object */;
			proxyType = 1;
			remoteGlobalIDString = E64038611CBFCBAD00F6C49A;
			remoteInfo = PinchGesture;
		};
/* End PBXContainerItemProxy section */

/* Begin PBXFileReference section */
		E64038621CBFCBAD00F6C49A /* PinchGesture.app */ = {isa = PBXFileReference; explicitFileType = wrapper.application; includeInIndex = 0; path = PinchGesture.app; sourceTree = BUILT_PRODUCTS_DIR; };
		E64038651CBFCBAD00F6C49A /* AppDelegate.swift */ = {isa = PBXFileReference; lastKnownFileType = sourcecode.swift; path = AppDelegate.swift; sourceTree = "<group>"; };
		E64038671CBFCBAD00F6C49A /* ViewController.swift */ = {isa = PBXFileReference; lastKnownFileType = sourcecode.swift; path = ViewController.swift; sourceTree = "<group>"; };
		E640386A1CBFCBAD00F6C49A /* Base */ = {isa = PBXFileReference; lastKnownFileType = file.storyboard; name = Base; path = Base.lproj/Main.storyboard; sourceTree = "<group>"; };
		E640386C1CBFCBAD00F6C49A /* Assets.xcassets */ = {isa = PBXFileReference; lastKnownFileType = folder.assetcatalog; path = Assets.xcassets; sourceTree = "<group>"; };
		E640386F1CBFCBAD00F6C49A /* Base */ = {isa = PBXFileReference; lastKnownFileType = file.storyboard; name = Base; path = Base.lproj/LaunchScreen.storyboard; sourceTree = "<group>"; };
		E64038711CBFCBAD00F6C49A /* Info.plist */ = {isa = PBXFileReference; lastKnownFileType = text.plist.xml; path = Info.plist; sourceTree = "<group>"; };
		E64038761CBFCBAD00F6C49A /* PinchGestureTests.xctest */ = {isa = PBXFileReference; explicitFileType = wrapper.cfbundle; includeInIndex = 0; path = PinchGestureTests.xctest; sourceTree = BUILT_PRODUCTS_DIR; };
		E640387A1CBFCBAD00F6C49A /* PinchGestureTests.swift */ = {isa = PBXFileReference; lastKnownFileType = sourcecode.swift; path = PinchGestureTests.swift; sourceTree = "<group>"; };
		E640387C1CBFCBAD00F6C49A /* Info.plist */ = {isa = PBXFileReference; lastKnownFileType = text.plist.xml; path = Info.plist; sourceTree = "<group>"; };
		E64038811CBFCBAD00F6C49A /* PinchGestureUITests.xctest */ = {isa = PBXFileReference; explicitFileType = wrapper.cfbundle; includeInIndex = 0; path = PinchGestureUITests.xctest; sourceTree = BUILT_PRODUCTS_DIR; };
		E64038851CBFCBAD00F6C49A /* PinchGestureUITests.swift */ = {isa = PBXFileReference; lastKnownFileType = sourcecode.swift; path = PinchGestureUITests.swift; sourceTree = "<group>"; };
		E64038871CBFCBAD00F6C49A /* Info.plist */ = {isa = PBXFileReference; lastKnownFileType = text.plist.xml; path = Info.plist; sourceTree = "<group>"; };
/* End PBXFileReference section */

/* Begin PBXFrameworksBuildPhase section */
		E640385F1CBFCBAD00F6C49A /* Frameworks */ = {
			isa = PBXFrameworksBuildPhase;
			buildActionMask = 2147483647;
			files = (
			);
			runOnlyForDeploymentPostprocessing = 0;
		};
		E64038731CBFCBAD00F6C49A /* Frameworks */ = {
			isa = PBXFrameworksBuildPhase;
			buildActionMask = 2147483647;
			files = (
			);
			runOnlyForDeploymentPostprocessing = 0;
		};
		E640387E1CBFCBAD00F6C49A /* Frameworks */ = {
			isa = PBXFrameworksBuildPhase;
			buildActionMask = 2147483647;
			files = (
			);
			runOnlyForDeploymentPostprocessing = 0;
		};
/* End PBXFrameworksBuildPhase section */

/* Begin PBXGroup section */
		E64038591CBFCBAD00F6C49A = {
			isa = PBXGroup;
			children = (
				E64038641CBFCBAD00F6C49A /* PinchGesture */,
				E64038791CBFCBAD00F6C49A /* PinchGestureTests */,
				E64038841CBFCBAD00F6C49A /* PinchGestureUITests */,
				E64038631CBFCBAD00F6C49A /* Products */,
			);
			sourceTree = "<group>";
		};
		E64038631CBFCBAD00F6C49A /* Products */ = {
			isa = PBXGroup;
			children = (
				E64038621CBFCBAD00F6C49A /* PinchGesture.app */,
				E64038761CBFCBAD00F6C49A /* PinchGestureTests.xctest */,
				E64038811CBFCBAD00F6C49A /* PinchGestureUITests.xctest */,
			);
			name = Products;
			sourceTree = "<group>";
		};
		E64038641CBFCBAD00F6C49A /* PinchGesture */ = {
			isa = PBXGroup;
			children = (
				E64038651CBFCBAD00F6C49A /* AppDelegate.swift */,
				E64038671CBFCBAD00F6C49A /* ViewController.swift */,
				E64038691CBFCBAD00F6C49A /* Main.storyboard */,
				E640386C1CBFCBAD00F6C49A /* Assets.xcassets */,
				E640386E1CBFCBAD00F6C49A /* LaunchScreen.storyboard */,
				E64038711CBFCBAD00F6C49A /* Info.plist */,
			);
			path = PinchGesture;
			sourceTree = "<group>";
		};
		E64038791CBFCBAD00F6C49A /* PinchGestureTests */ = {
			isa = PBXGroup;
			children = (
				E640387A1CBFCBAD00F6C49A /* PinchGestureTests.swift */,
				E640387C1CBFCBAD00F6C49A /* Info.plist */,
			);
			path = PinchGestureTests;
			sourceTree = "<group>";
		};
		E64038841CBFCBAD00F6C49A /* PinchGestureUITests */ = {
			isa = PBXGroup;
			children = (
				E64038851CBFCBAD00F6C49A /* PinchGestureUITests.swift */,
				E64038871CBFCBAD00F6C49A /* Info.plist */,
			);
			path = PinchGestureUITests;
			sourceTree = "<group>";
		};
/* End PBXGroup section */

/* Begin PBXNativeTarget section */
		E64038611CBFCBAD00F6C49A /* PinchGesture */ = {
			isa = PBXNativeTarget;
			buildConfigurationList = E640388A1CBFCBAD00F6C49A /* Build configuration list for PBXNativeTarget "PinchGesture" */;
			buildPhases = (
				E640385E1CBFCBAD00F6C49A /* Sources */,
				E640385F1CBFCBAD00F6C49A /* Frameworks */,
				E64038601CBFCBAD00F6C49A /* Resources */,
			);
			buildRules = (
			);
			dependencies = (
			);
			name = PinchGesture;
			productName = PinchGesture;
			productReference = E64038621CBFCBAD00F6C49A /* PinchGesture.app */;
			productType = "com.apple.product-type.application";
		};
		E64038751CBFCBAD00F6C49A /* PinchGestureTests */ = {
			isa = PBXNativeTarget;
			buildConfigurationList = E640388D1CBFCBAD00F6C49A /* Build configuration list for PBXNativeTarget "PinchGestureTests" */;
			buildPhases = (
				E64038721CBFCBAD00F6C49A /* Sources */,
				E64038731CBFCBAD00F6C49A /* Frameworks */,
				E64038741CBFCBAD00F6C49A /* Resources */,
			);
			buildRules = (
			);
			dependencies = (
				E64038781CBFCBAD00F6C49A /* PBXTargetDependency */,
			);
			name = PinchGestureTests;
			productName = PinchGestureTests;
			productReference = E64038761CBFCBAD00F6C49A /* PinchGestureTests.xctest */;
			productType = "com.apple.product-type.bundle.unit-test";
		};
		E64038801CBFCBAD00F6C49A /* PinchGestureUITests */ = {
			isa = PBXNativeTarget;
			buildConfigurationList = E64038901CBFCBAD00F6C49A /* Build configuration list for PBXNativeTarget "PinchGestureUITests" */;
			buildPhases = (
				E640387D1CBFCBAD00F6C49A /* Sources */,
				E640387E1CBFCBAD00F6C49A /* Frameworks */,
				E640387F1CBFCBAD00F6C49A /* Resources */,
			);
			buildRules = (
			);
			dependencies = (
				E64038831CBFCBAD00F6C49A /* PBXTargetDependency */,
			);
			name = PinchGestureUITests;
			productName = PinchGestureUITests;
			productReference = E64038811CBFCBAD00F6C49A /* PinchGestureUITests.xctest */;
			productType = "com.apple.product-type.bundle.ui-testing";
		};
/* End PBXNativeTarget section */

/* Begin PBXProject section */
		E640385A1CBFCBAD00F6C49A /* Project object */ = {
			isa = PBXProject;
			attributes = {
				LastSwiftUpdateCheck = 0720;
				LastUpgradeCheck = 0720;
				ORGANIZATIONNAME = "陈昆涛";
				TargetAttributes = {
					E64038611CBFCBAD00F6C49A = {
						CreatedOnToolsVersion = 7.2;
					};
					E64038751CBFCBAD00F6C49A = {
						CreatedOnToolsVersion = 7.2;
						TestTargetID = E64038611CBFCBAD00F6C49A;
					};
					E64038801CBFCBAD00F6C49A = {
						CreatedOnToolsVersion = 7.2;
						TestTargetID = E64038611CBFCBAD00F6C49A;
					};
				};
			};
			buildConfigurationList = E640385D1CBFCBAD00F6C49A /* Build configuration list for PBXProject "PinchGesture" */;
			compatibilityVersion = "Xcode 3.2";
			developmentRegion = English;
			hasScannedForEncodings = 0;
			knownRegions = (
				en,
				Base,
			);
			mainGroup = E64038591CBFCBAD00F6C49A;
			productRefGroup = E64038631CBFCBAD00F6C49A /* Products */;
			projectDirPath = "";
			projectRoot = "";
			targets = (
				E64038611CBFCBAD00F6C49A /* PinchGesture */,
				E64038751CBFCBAD00F6C49A /* PinchGestureTests */,
				E64038801CBFCBAD00F6C49A /* PinchGestureUITests */,
			);
		};
/* End PBXProject section */

/* Begin PBXResourcesBuildPhase section */
		E64038601CBFCBAD00F6C49A /* Resources */ = {
			isa = PBXResourcesBuildPhase;
			buildActionMask = 2147483647;
			files = (
				E64038701CBFCBAD00F6C49A /* LaunchScreen.storyboard in Resources */,
				E640386D1CBFCBAD00F6C49A /* Assets.xcassets in Resources */,
				E640386B1CBFCBAD00F6C49A /* Main.storyboard in Resources */,
			);
			runOnlyForDeploymentPostprocessing = 0;
		};
		E64038741CBFCBAD00F6C49A /* Resources */ = {
			isa = PBXResourcesBuildPhase;
			buildActionMask = 2147483647;
			files = (
			);
			runOnlyForDeploymentPostprocessing = 0;
		};
		E640387F1CBFCBAD00F6C49A /* Resources */ = {
			isa = PBXResourcesBuildPhase;
			buildActionMask = 2147483647;
			files = (
			);
			runOnlyForDeploymentPostprocessing = 0;
		};
/* End PBXResourcesBuildPhase section */

/* Begin PBXSourcesBuildPhase section */
		E640385E1CBFCBAD00F6C49A /* Sources */ = {
			isa = PBXSourcesBuildPhase;
			buildActionMask = 2147483647;
			files = (
				E64038681CBFCBAD00F6C49A /* ViewController.swift in Sources */,
				E64038661CBFCBAD00F6C49A /* AppDelegate.swift in Sources */,
			);
			runOnlyForDeploymentPostprocessing = 0;
		};
		E64038721CBFCBAD00F6C49A /* Sources */ = {
			isa = PBXSourcesBuildPhase;
			buildActionMask = 2147483647;
			files = (
				E640387B1CBFCBAD00F6C49A /* PinchGestureTests.swift in Sources */,
			);
			runOnlyForDeploymentPostprocessing = 0;
		};
		E640387D1CBFCBAD00F6C49A /* Sources */ = {
			isa = PBXSourcesBuildPhase;
			buildActionMask = 2147483647;
			files = (
				E64038861CBFCBAD00F6C49A /* PinchGestureUITests.swift in Sources */,
			);
			runOnlyForDeploymentPostprocessing = 0;
		};
/* End PBXSourcesBuildPhase section */

/* Begin PBXTargetDependency section */
		E64038781CBFCBAD00F6C49A /* PBXTargetDependency */ = {
			isa = PBXTargetDependency;
			target = E64038611CBFCBAD00F6C49A /* PinchGesture */;
			targetProxy = E64038771CBFCBAD00F6C49A /* PBXContainerItemProxy */;
		};
		E64038831CBFCBAD00F6C49A /* PBXTargetDependency */ = {
			isa = PBXTargetDependency;
			target = E64038611CBFCBAD00F6C49A /* PinchGesture */;
			targetProxy = E64038821CBFCBAD00F6C49A /* PBXContainerItemProxy */;
		};
/* End PBXTargetDependency section */

/* Begin PBXVariantGroup section */
		E64038691CBFCBAD00F6C49A /* Main.storyboard */ = {
			isa = PBXVariantGroup;
			children = (
				E640386A1CBFCBAD00F6C49A /* Base */,
			);
			name = Main.storyboard;
			sourceTree = "<group>";
		};
		E640386E1CBFCBAD00F6C49A /* LaunchScreen.storyboard */ = {
			isa = PBXVariantGroup;
			children = (
				E640386F1CBFCBAD00F6C49A /* Base */,
			);
			name = LaunchScreen.storyboard;
			sourceTree = "<group>";
		};
/* End PBXVariantGroup section */

/* Begin XCBuildConfiguration section */
		E64038881CBFCBAD00F6C49A /* Debug */ = {
			isa = XCBuildConfiguration;
			buildSettings = {
				ALWAYS_SEARCH_USER_PATHS = NO;
				CLANG_CXX_LANGUAGE_STANDARD = "gnu++0x";
				CLANG_CXX_LIBRARY = "libc++";
				CLANG_ENABLE_MODULES = YES;
				CLANG_ENABLE_OBJC_ARC = YES;
				CLANG_WARN_BOOL_CONVERSION = YES;
				CLANG_WARN_CONSTANT_CONVERSION = YES;
				CLANG_WARN_DIRECT_OBJC_ISA_USAGE = YES_ERROR;
				CLANG_WARN_EMPTY_BODY = YES;
				CLANG_WARN_ENUM_CONVERSION = YES;
				CLANG_WARN_INT_CONVERSION = YES;
				CLANG_WARN_OBJC_ROOT_CLASS = YES_ERROR;
				CLANG_WARN_UNREACHABLE_CODE = YES;
				CLANG_WARN__DUPLICATE_METHOD_MATCH = YES;
				"CODE_SIGN_IDENTITY[sdk=iphoneos*]" = "iPhone Developer";
				COPY_PHASE_STRIP = NO;
				DEBUG_INFORMATION_FORMAT = dwarf;
				ENABLE_STRICT_OBJC_MSGSEND = YES;
				ENABLE_TESTABILITY = YES;
				GCC_C_LANGUAGE_STANDARD = gnu99;
				GCC_DYNAMIC_NO_PIC = NO;
				GCC_NO_COMMON_BLOCKS = YES;
				GCC_OPTIMIZATION_LEVEL = 0;
				GCC_PREPROCESSOR_DEFINITIONS = (
					"DEBUG=1",
					"$(inherited)",
				);
				GCC_WARN_64_TO_32_BIT_CONVERSION = YES;
				GCC_WARN_ABOUT_RETURN_TYPE = YES_ERROR;
				GCC_WARN_UNDECLARED_SELECTOR = YES;
				GCC_WARN_UNINITIALIZED_AUTOS = YES_AGGRESSIVE;
				GCC_WARN_UNUSED_FUNCTION = YES;
				GCC_WARN_UNUSED_VARIABLE = YES;
				IPHONEOS_DEPLOYMENT_TARGET = 9.2;
				MTL_ENABLE_DEBUG_INFO = YES;
				ONLY_ACTIVE_ARCH = YES;
				SDKROOT = iphoneos;
				SWIFT_OPTIMIZATION_LEVEL = "-Onone";
				TARGETED_DEVICE_FAMILY = "1,2";
			};
			name = Debug;
		};
		E64038891CBFCBAD00F6C49A /* Release */ = {
			isa = XCBuildConfiguration;
			buildSettings = {
				ALWAYS_SEARCH_USER_PATHS = NO;
				CLANG_CXX_LANGUAGE_STANDARD = "gnu++0x";
				CLANG_CXX_LIBRARY = "libc++";
				CLANG_ENABLE_MODULES = YES;
				CLANG_ENABLE_OBJC_ARC = YES;
				CLANG_WARN_BOOL_CONVERSION = YES;
				CLANG_WARN_CONSTANT_CONVERSION = YES;
				CLANG_WARN_DIRECT_OBJC_ISA_USAGE = YES_ERROR;
				CLANG_WARN_EMPTY_BODY = YES;
				CLANG_WARN_ENUM_CONVERSION = YES;
				CLANG_WARN_INT_CONVERSION = YES;
				CLANG_WARN_OBJC_ROOT_CLASS = YES_ERROR;
				CLANG_WARN_UNREACHABLE_CODE = YES;
				CLANG_WARN__DUPLICATE_METHOD_MATCH = YES;
				"CODE_SIGN_IDENTITY[sdk=iphoneos*]" = "iPhone Developer";
				COPY_PHASE_STRIP = NO;
				DEBUG_INFORMATION_FORMAT = "dwarf-with-dsym";
				ENABLE_NS_ASSERTIONS = NO;
				ENABLE_STRICT_OBJC_MSGSEND = YES;
				GCC_C_LANGUAGE_STANDARD = gnu99;
				GCC_NO_COMMON_BLOCKS = YES;
				GCC_WARN_64_TO_32_BIT_CONVERSION = YES;
				GCC_WARN_ABOUT_RETURN_TYPE = YES_ERROR;
				GCC_WARN_UNDECLARED_SELECTOR = YES;
				GCC_WARN_UNINITIALIZED_AUTOS = YES_AGGRESSIVE;
				GCC_WARN_UNUSED_FUNCTION = YES;
				GCC_WARN_UNUSED_VARIABLE = YES;
				IPHONEOS_DEPLOYMENT_TARGET = 9.2;
				MTL_ENABLE_DEBUG_INFO = NO;
				SDKROOT = iphoneos;
				TARGETED_DEVICE_FAMILY = "1,2";
				VALIDATE_PRODUCT = YES;
			};
			name = Release;
		};
		E640388B1CBFCBAD00F6C49A /* Debug */ = {
			isa = XCBuildConfiguration;
			buildSettings = {
				ASSETCATALOG_COMPILER_APPICON_NAME = AppIcon;
				INFOPLIST_FILE = PinchGesture/Info.plist;
				LD_RUNPATH_SEARCH_PATHS = "$(inherited) @executable_path/Frameworks";
				PRODUCT_BUNDLE_IDENTIFIER = Karma.PinchGesture;
				PRODUCT_NAME = "$(TARGET_NAME)";
			};
			name = Debug;
		};
		E640388C1CBFCBAD00F6C49A /* Release */ = {
			isa = XCBuildConfiguration;
			buildSettings = {
				ASSETCATALOG_COMPILER_APPICON_NAME = AppIcon;
				INFOPLIST_FILE = PinchGesture/Info.plist;
				LD_RUNPATH_SEARCH_PATHS = "$(inherited) @executable_path/Frameworks";
				PRODUCT_BUNDLE_IDENTIFIER = Karma.PinchGesture;
				PRODUCT_NAME = "$(TARGET_NAME)";
			};
			name = Release;
		};
		E640388E1CBFCBAD00F6C49A /* Debug */ = {
			isa = XCBuildConfiguration;
			buildSettings = {
				BUNDLE_LOADER = "$(TEST_HOST)";
				INFOPLIST_FILE = PinchGestureTests/Info.plist;
				LD_RUNPATH_SEARCH_PATHS = "$(inherited) @executable_path/Frameworks @loader_path/Frameworks";
				PRODUCT_BUNDLE_IDENTIFIER = Karma.PinchGestureTests;
				PRODUCT_NAME = "$(TARGET_NAME)";
				TEST_HOST = "$(BUILT_PRODUCTS_DIR)/PinchGesture.app/PinchGesture";
			};
			name = Debug;
		};
		E640388F1CBFCBAD00F6C49A /* Release */ = {
			isa = XCBuildConfiguration;
			buildSettings = {
				BUNDLE_LOADER = "$(TEST_HOST)";
				INFOPLIST_FILE = PinchGestureTests/Info.plist;
				LD_RUNPATH_SEARCH_PATHS = "$(inherited) @executable_path/Frameworks @loader_path/Frameworks";
				PRODUCT_BUNDLE_IDENTIFIER = Karma.PinchGestureTests;
				PRODUCT_NAME = "$(TARGET_NAME)";
				TEST_HOST = "$(BUILT_PRODUCTS_DIR)/PinchGesture.app/PinchGesture";
			};
			name = Release;
		};
		E64038911CBFCBAD00F6C49A /* Debug */ = {
			isa = XCBuildConfiguration;
			buildSettings = {
				INFOPLIST_FILE = PinchGestureUITests/Info.plist;
				LD_RUNPATH_SEARCH_PATHS = "$(inherited) @executable_path/Frameworks @loader_path/Frameworks";
				PRODUCT_BUNDLE_IDENTIFIER = Karma.PinchGestureUITests;
				PRODUCT_NAME = "$(TARGET_NAME)";
				TEST_TARGET_NAME = PinchGesture;
				USES_XCTRUNNER = YES;
			};
			name = Debug;
		};
		E64038921CBFCBAD00F6C49A /* Release */ = {
			isa = XCBuildConfiguration;
			buildSettings = {
				INFOPLIST_FILE = PinchGestureUITests/Info.plist;
				LD_RUNPATH_SEARCH_PATHS = "$(inherited) @executable_path/Frameworks @loader_path/Frameworks";
				PRODUCT_BUNDLE_IDENTIFIER = Karma.PinchGestureUITests;
				PRODUCT_NAME = "$(TARGET_NAME)";
				TEST_TARGET_NAME = PinchGesture;
				USES_XCTRUNNER = YES;
			};
			name = Release;
		};
/* End XCBuildConfiguration section */

/* Begin XCConfigurationList section */
		E640385D1CBFCBAD00F6C49A /* Build configuration list for PBXProject "PinchGesture" */ = {
			isa = XCConfigurationList;
			buildConfigurations = (
				E64038881CBFCBAD00F6C49A /* Debug */,
				E64038891CBFCBAD00F6C49A /* Release */,
			);
			defaultConfigurationIsVisible = 0;
			defaultConfigurationName = Release;
		};
		E640388A1CBFCBAD00F6C49A /* Build configuration list for PBXNativeTarget "PinchGesture" */ = {
			isa = XCConfigurationList;
			buildConfigurations = (
				E640388B1CBFCBAD00F6C49A /* Debug */,
				E640388C1CBFCBAD00F6C49A /* Release */,
			);
			defaultConfigurationIsVisible = 0;
		};
		E640388D1CBFCBAD00F6C49A /* Build configuration list for PBXNativeTarget "PinchGestureTests" */ = {
			isa = XCConfigurationList;
			buildConfigurations = (
				E640388E1CBFCBAD00F6C49A /* Debug */,
				E640388F1CBFCBAD00F6C49A /* Release */,
			);
			defaultConfigurationIsVisible = 0;
		};
		E64038901CBFCBAD00F6C49A /* Build configuration list for PBXNativeTarget "PinchGestureUITests" */ = {
			isa = XCConfigurationList;
			buildConfigurations = (
				E64038911CBFCBAD00F6C49A /* Debug */,
				E64038921CBFCBAD00F6C49A /* Release */,
			);
			defaultConfigurationIsVisible = 0;
		};
/* End XCConfigurationList section */
	};
	rootObject = E640385A1CBFCBAD00F6C49A /* Project object */;
}
